// !$*UTF8*$!
{
	archiveVersion = 1;
	classes = {
	};
	objectVersion = 77;
	objects = {

/* Begin PBXBuildFile section */
		99F6F24D2D03148C002E7842 /* SnapKit in Frameworks */ = {isa = PBXBuildFile; productRef = 99F6F24C2D03148C002E7842 /* SnapKit */; };
		99F6F2502D03149D002E7842 /* Alamofire in Frameworks */ = {isa = PBXBuildFile; productRef = 99F6F24F2D03149D002E7842 /* Alamofire */; };
		99F6F2EC2D081541002E7842 /* PokemonPhoneBook+CoreDataClass.swift in Sources */ = {isa = PBXBuildFile; fileRef = 99F6F2EA2D081541002E7842 /* PokemonPhoneBook+CoreDataClass.swift */; };
		99F6F2ED2D081541002E7842 /* PokemonPhoneBook+CoreDataProperties.swift in Sources */ = {isa = PBXBuildFile; fileRef = 99F6F2EB2D081541002E7842 /* PokemonPhoneBook+CoreDataProperties.swift */; };
/* End PBXBuildFile section */

/* Begin PBXContainerItemProxy section */
		99F6F1E32D030AD7002E7842 /* PBXContainerItemProxy */ = {
			isa = PBXContainerItemProxy;
			containerPortal = 99F6F1C12D030AD6002E7842 /* Project object */;
			proxyType = 1;
			remoteGlobalIDString = 99F6F1C82D030AD6002E7842;
			remoteInfo = PokemonPhoneBook;
		};
		99F6F1ED2D030AD7002E7842 /* PBXContainerItemProxy */ = {
			isa = PBXContainerItemProxy;
			containerPortal = 99F6F1C12D030AD6002E7842 /* Project object */;
			proxyType = 1;
			remoteGlobalIDString = 99F6F1C82D030AD6002E7842;
			remoteInfo = PokemonPhoneBook;
		};
/* End PBXContainerItemProxy section */

/* Begin PBXFileReference section */
		99F6F1C92D030AD6002E7842 /* PokemonPhoneBook.app */ = {isa = PBXFileReference; explicitFileType = wrapper.application; includeInIndex = 0; path = PokemonPhoneBook.app; sourceTree = BUILT_PRODUCTS_DIR; };
		99F6F1E22D030AD7002E7842 /* PokemonPhoneBookTests.xctest */ = {isa = PBXFileReference; explicitFileType = wrapper.cfbundle; includeInIndex = 0; path = PokemonPhoneBookTests.xctest; sourceTree = BUILT_PRODUCTS_DIR; };
		99F6F1EC2D030AD7002E7842 /* PokemonPhoneBookUITests.xctest */ = {isa = PBXFileReference; explicitFileType = wrapper.cfbundle; includeInIndex = 0; path = PokemonPhoneBookUITests.xctest; sourceTree = BUILT_PRODUCTS_DIR; };
		99F6F2EA2D081541002E7842 /* PokemonPhoneBook+CoreDataClass.swift */ = {isa = PBXFileReference; lastKnownFileType = sourcecode.swift; path = "PokemonPhoneBook+CoreDataClass.swift"; sourceTree = "<group>"; };
		99F6F2EB2D081541002E7842 /* PokemonPhoneBook+CoreDataProperties.swift */ = {isa = PBXFileReference; lastKnownFileType = sourcecode.swift; path = "PokemonPhoneBook+CoreDataProperties.swift"; sourceTree = "<group>"; };
/* End PBXFileReference section */

/* Begin PBXFileSystemSynchronizedBuildFileExceptionSet section */
		99F6F1F42D030AD7002E7842 /* Exceptions for "PokemonPhoneBook" folder in "PokemonPhoneBook" target */ = {
			isa = PBXFileSystemSynchronizedBuildFileExceptionSet;
			membershipExceptions = (
				Info.plist,
			);
			target = 99F6F1C82D030AD6002E7842 /* PokemonPhoneBook */;
		};
/* End PBXFileSystemSynchronizedBuildFileExceptionSet section */

/* Begin PBXFileSystemSynchronizedRootGroup section */
		99F6F1CB2D030AD6002E7842 /* PokemonPhoneBook */ = {
			isa = PBXFileSystemSynchronizedRootGroup;
			exceptions = (
				99F6F1F42D030AD7002E7842 /* Exceptions for "PokemonPhoneBook" folder in "PokemonPhoneBook" target */,
			);
			path = PokemonPhoneBook;
			sourceTree = "<group>";
		};
		99F6F1E52D030AD7002E7842 /* PokemonPhoneBookTests */ = {
			isa = PBXFileSystemSynchronizedRootGroup;
			path = PokemonPhoneBookTests;
			sourceTree = "<group>";
		};
		99F6F1EF2D030AD7002E7842 /* PokemonPhoneBookUITests */ = {
			isa = PBXFileSystemSynchronizedRootGroup;
			path = PokemonPhoneBookUITests;
			sourceTree = "<group>";
		};
/* End PBXFileSystemSynchronizedRootGroup section */

/* Begin PBXFrameworksBuildPhase section */
		99F6F1C62D030AD6002E7842 /* Frameworks */ = {
			isa = PBXFrameworksBuildPhase;
			buildActionMask = 2147483647;
			files = (
				99F6F24D2D03148C002E7842 /* SnapKit in Frameworks */,
				99F6F2502D03149D002E7842 /* Alamofire in Frameworks */,
			);
			runOnlyForDeploymentPostprocessing = 0;
		};
		99F6F1DF2D030AD7002E7842 /* Frameworks */ = {
			isa = PBXFrameworksBuildPhase;
			buildActionMask = 2147483647;
			files = (
			);
			runOnlyForDeploymentPostprocessing = 0;
		};
		99F6F1E92D030AD7002E7842 /* Frameworks */ = {
			isa = PBXFrameworksBuildPhase;
			buildActionMask = 2147483647;
			files = (
			);
			runOnlyForDeploymentPostprocessing = 0;
		};
/* End PBXFrameworksBuildPhase section */

/* Begin PBXGroup section */
		99F6F1C02D030AD6002E7842 = {
			isa = PBXGroup;
			children = (
				99F6F2EA2D081541002E7842 /* PokemonPhoneBook+CoreDataClass.swift */,
				99F6F2EB2D081541002E7842 /* PokemonPhoneBook+CoreDataProperties.swift */,
				99F6F1CB2D030AD6002E7842 /* PokemonPhoneBook */,
				99F6F1E52D030AD7002E7842 /* PokemonPhoneBookTests */,
				99F6F1EF2D030AD7002E7842 /* PokemonPhoneBookUITests */,
				99F6F1CA2D030AD6002E7842 /* Products */,
			);
			sourceTree = "<group>";
		};
		99F6F1CA2D030AD6002E7842 /* Products */ = {
			isa = PBXGroup;
			children = (
				99F6F1C92D030AD6002E7842 /* PokemonPhoneBook.app */,
				99F6F1E22D030AD7002E7842 /* PokemonPhoneBookTests.xctest */,
				99F6F1EC2D030AD7002E7842 /* PokemonPhoneBookUITests.xctest */,
			);
			name = Products;
			sourceTree = "<group>";
		};
/* End PBXGroup section */

/* Begin PBXNativeTarget section */
		99F6F1C82D030AD6002E7842 /* PokemonPhoneBook */ = {
			isa = PBXNativeTarget;
			buildConfigurationList = 99F6F1F52D030AD7002E7842 /* Build configuration list for PBXNativeTarget "PokemonPhoneBook" */;
			buildPhases = (
				99F6F1C52D030AD6002E7842 /* Sources */,
				99F6F1C62D030AD6002E7842 /* Frameworks */,
				99F6F1C72D030AD6002E7842 /* Resources */,
			);
			buildRules = (
			);
			dependencies = (
			);
			fileSystemSynchronizedGroups = (
				99F6F1CB2D030AD6002E7842 /* PokemonPhoneBook */,
			);
			name = PokemonPhoneBook;
			packageProductDependencies = (
				99F6F24C2D03148C002E7842 /* SnapKit */,
				99F6F24F2D03149D002E7842 /* Alamofire */,
			);
			productName = PokemonPhoneBook;
			productReference = 99F6F1C92D030AD6002E7842 /* PokemonPhoneBook.app */;
			productType = "com.apple.product-type.application";
		};
		99F6F1E12D030AD7002E7842 /* PokemonPhoneBookTests */ = {
			isa = PBXNativeTarget;
			buildConfigurationList = 99F6F1FA2D030AD7002E7842 /* Build configuration list for PBXNativeTarget "PokemonPhoneBookTests" */;
			buildPhases = (
				99F6F1DE2D030AD7002E7842 /* Sources */,
				99F6F1DF2D030AD7002E7842 /* Frameworks */,
				99F6F1E02D030AD7002E7842 /* Resources */,
			);
			buildRules = (
			);
			dependencies = (
				99F6F1E42D030AD7002E7842 /* PBXTargetDependency */,
			);
			fileSystemSynchronizedGroups = (
				99F6F1E52D030AD7002E7842 /* PokemonPhoneBookTests */,
			);
			name = PokemonPhoneBookTests;
			packageProductDependencies = (
			);
			productName = PokemonPhoneBookTests;
			productReference = 99F6F1E22D030AD7002E7842 /* PokemonPhoneBookTests.xctest */;
			productType = "com.apple.product-type.bundle.unit-test";
		};
		99F6F1EB2D030AD7002E7842 /* PokemonPhoneBookUITests */ = {
			isa = PBXNativeTarget;
			buildConfigurationList = 99F6F1FD2D030AD7002E7842 /* Build configuration list for PBXNativeTarget "PokemonPhoneBookUITests" */;
			buildPhases = (
				99F6F1E82D030AD7002E7842 /* Sources */,
				99F6F1E92D030AD7002E7842 /* Frameworks */,
				99F6F1EA2D030AD7002E7842 /* Resources */,
			);
			buildRules = (
			);
			dependencies = (
				99F6F1EE2D030AD7002E7842 /* PBXTargetDependency */,
			);
			fileSystemSynchronizedGroups = (
				99F6F1EF2D030AD7002E7842 /* PokemonPhoneBookUITests */,
			);
			name = PokemonPhoneBookUITests;
			packageProductDependencies = (
			);
			productName = PokemonPhoneBookUITests;
			productReference = 99F6F1EC2D030AD7002E7842 /* PokemonPhoneBookUITests.xctest */;
			productType = "com.apple.product-type.bundle.ui-testing";
		};
/* End PBXNativeTarget section */

/* Begin PBXProject section */
		99F6F1C12D030AD6002E7842 /* Project object */ = {
			isa = PBXProject;
			attributes = {
				BuildIndependentTargetsInParallel = 1;
				LastSwiftUpdateCheck = 1610;
				LastUpgradeCheck = 1610;
				TargetAttributes = {
					99F6F1C82D030AD6002E7842 = {
						CreatedOnToolsVersion = 16.1;
					};
					99F6F1E12D030AD7002E7842 = {
						CreatedOnToolsVersion = 16.1;
						TestTargetID = 99F6F1C82D030AD6002E7842;
					};
					99F6F1EB2D030AD7002E7842 = {
						CreatedOnToolsVersion = 16.1;
						TestTargetID = 99F6F1C82D030AD6002E7842;
					};
				};
			};
			buildConfigurationList = 99F6F1C42D030AD6002E7842 /* Build configuration list for PBXProject "PokemonPhoneBook" */;
			developmentRegion = en;
			hasScannedForEncodings = 0;
			knownRegions = (
				en,
				Base,
			);
			mainGroup = 99F6F1C02D030AD6002E7842;
			minimizedProjectReferenceProxies = 1;
			packageReferences = (
				99F6F24B2D03148C002E7842 /* XCRemoteSwiftPackageReference "SnapKit" */,
				99F6F24E2D03149D002E7842 /* XCRemoteSwiftPackageReference "Alamofire" */,
			);
			preferredProjectObjectVersion = 77;
			productRefGroup = 99F6F1CA2D030AD6002E7842 /* Products */;
			projectDirPath = "";
			projectRoot = "";
			targets = (
				99F6F1C82D030AD6002E7842 /* PokemonPhoneBook */,
				99F6F1E12D030AD7002E7842 /* PokemonPhoneBookTests */,
				99F6F1EB2D030AD7002E7842 /* PokemonPhoneBookUITests */,
			);
		};
/* End PBXProject section */

/* Begin PBXResourcesBuildPhase section */
		99F6F1C72D030AD6002E7842 /* Resources */ = {
			isa = PBXResourcesBuildPhase;
			buildActionMask = 2147483647;
			files = (
			);
			runOnlyForDeploymentPostprocessing = 0;
		};
		99F6F1E02D030AD7002E7842 /* Resources */ = {
			isa = PBXResourcesBuildPhase;
			buildActionMask = 2147483647;
			files = (
			);
			runOnlyForDeploymentPostprocessing = 0;
		};
		99F6F1EA2D030AD7002E7842 /* Resources */ = {
			isa = PBXResourcesBuildPhase;
			buildActionMask = 2147483647;
			files = (
			);
			runOnlyForDeploymentPostprocessing = 0;
		};
/* End PBXResourcesBuildPhase section */

/* Begin PBXSourcesBuildPhase section */
		99F6F1C52D030AD6002E7842 /* Sources */ = {
			isa = PBXSourcesBuildPhase;
			buildActionMask = 2147483647;
			files = (
				99F6F2EC2D081541002E7842 /* PokemonPhoneBook+CoreDataClass.swift in Sources */,
				99F6F2ED2D081541002E7842 /* PokemonPhoneBook+CoreDataProperties.swift in Sources */,
			);
			runOnlyForDeploymentPostprocessing = 0;
		};
		99F6F1DE2D030AD7002E7842 /* Sources */ = {
			isa = PBXSourcesBuildPhase;
			buildActionMask = 2147483647;
			files = (
			);
			runOnlyForDeploymentPostprocessing = 0;
		};
		99F6F1E82D030AD7002E7842 /* Sources */ = {
			isa = PBXSourcesBuildPhase;
			buildActionMask = 2147483647;
			files = (
			);
			runOnlyForDeploymentPostprocessing = 0;
		};
/* End PBXSourcesBuildPhase section */

/* Begin PBXTargetDependency section */
		99F6F1E42D030AD7002E7842 /* PBXTargetDependency */ = {
			isa = PBXTargetDependency;
			target = 99F6F1C82D030AD6002E7842 /* PokemonPhoneBook */;
			targetProxy = 99F6F1E32D030AD7002E7842 /* PBXContainerItemProxy */;
		};
		99F6F1EE2D030AD7002E7842 /* PBXTargetDependency */ = {
			isa = PBXTargetDependency;
			target = 99F6F1C82D030AD6002E7842 /* PokemonPhoneBook */;
			targetProxy = 99F6F1ED2D030AD7002E7842 /* PBXContainerItemProxy */;
		};
/* End PBXTargetDependency section */

/* Begin XCBuildConfiguration section */
		99F6F1F62D030AD7002E7842 /* Debug */ = {
			isa = XCBuildConfiguration;
			buildSettings = {
				ASSETCATALOG_COMPILER_APPICON_NAME = AppIcon;
				ASSETCATALOG_COMPILER_GLOBAL_ACCENT_COLOR_NAME = AccentColor;
				CODE_SIGN_STYLE = Automatic;
				CURRENT_PROJECT_VERSION = 1;
				DEVELOPMENT_TEAM = 63SB2B8YJ5;
				GENERATE_INFOPLIST_FILE = YES;
				INFOPLIST_FILE = PokemonPhoneBook/Info.plist;
				INFOPLIST_KEY_UIApplicationSupportsIndirectInputEvents = YES;
				INFOPLIST_KEY_UILaunchStoryboardName = LaunchScreen;
				INFOPLIST_KEY_UISupportedInterfaceOrientations_iPad = "UIInterfaceOrientationPortrait UIInterfaceOrientationPortraitUpsideDown UIInterfaceOrientationLandscapeLeft UIInterfaceOrientationLandscapeRight";
				INFOPLIST_KEY_UISupportedInterfaceOrientations_iPhone = "UIInterfaceOrientationPortrait UIInterfaceOrientationLandscapeLeft UIInterfaceOrientationLandscapeRight";
				LD_RUNPATH_SEARCH_PATHS = (
					"$(inherited)",
					"@executable_path/Frameworks",
				);
				MARKETING_VERSION = 1.0;
				PRODUCT_BUNDLE_IDENTIFIER = HwangSeokBeom.PokemonPhoneBook;
				PRODUCT_NAME = "$(TARGET_NAME)";
				SWIFT_EMIT_LOC_STRINGS = YES;
				SWIFT_VERSION = 5.0;
				TARGETED_DEVICE_FAMILY = "1,2";
			};
			name = Debug;
		};
		99F6F1F72D030AD7002E7842 /* Release */ = {
			isa = XCBuildConfiguration;
			buildSettings = {
				ASSETCATALOG_COMPILER_APPICON_NAME = AppIcon;
				ASSETCATALOG_COMPILER_GLOBAL_ACCENT_COLOR_NAME = AccentColor;
				CODE_SIGN_STYLE = Automatic;
				CURRENT_PROJECT_VERSION = 1;
				DEVELOPMENT_TEAM = 63SB2B8YJ5;
				GENERATE_INFOPLIST_FILE = YES;
				INFOPLIST_FILE = PokemonPhoneBook/Info.plist;
				INFOPLIST_KEY_UIApplicationSupportsIndirectInputEvents = YES;
				INFOPLIST_KEY_UILaunchStoryboardName = LaunchScreen;
				INFOPLIST_KEY_UISupportedInterfaceOrientations_iPad = "UIInterfaceOrientationPortrait UIInterfaceOrientationPortraitUpsideDown UIInterfaceOrientationLandscapeLeft UIInterfaceOrientationLandscapeRight";
				INFOPLIST_KEY_UISupportedInterfaceOrientations_iPhone = "UIInterfaceOrientationPortrait UIInterfaceOrientationLandscapeLeft UIInterfaceOrientationLandscapeRight";
				LD_RUNPATH_SEARCH_PATHS = (
					"$(inherited)",
					"@executable_path/Frameworks",
				);
				MARKETING_VERSION = 1.0;
				PRODUCT_BUNDLE_IDENTIFIER = HwangSeokBeom.PokemonPhoneBook;
				PRODUCT_NAME = "$(TARGET_NAME)";
				SWIFT_EMIT_LOC_STRINGS = YES;
				SWIFT_VERSION = 5.0;
				TARGETED_DEVICE_FAMILY = "1,2";
			};
			name = Release;
		};
		99F6F1F82D030AD7002E7842 /* Debug */ = {
			isa = XCBuildConfiguration;
			buildSettings = {
				ALWAYS_SEARCH_USER_PATHS = NO;
				ASSETCATALOG_COMPILER_GENERATE_SWIFT_ASSET_SYMBOL_EXTENSIONS = YES;
				CLANG_ANALYZER_NONNULL = YES;
				CLANG_ANALYZER_NUMBER_OBJECT_CONVERSION = YES_AGGRESSIVE;
				CLANG_CXX_LANGUAGE_STANDARD = "gnu++20";
				CLANG_ENABLE_MODULES = YES;
				CLANG_ENABLE_OBJC_ARC = YES;
				CLANG_ENABLE_OBJC_WEAK = YES;
				CLANG_WARN_BLOCK_CAPTURE_AUTORELEASING = YES;
				CLANG_WARN_BOOL_CONVERSION = YES;
				CLANG_WARN_COMMA = YES;
				CLANG_WARN_CONSTANT_CONVERSION = YES;
				CLANG_WARN_DEPRECATED_OBJC_IMPLEMENTATIONS = YES;
				CLANG_WARN_DIRECT_OBJC_ISA_USAGE = YES_ERROR;
				CLANG_WARN_DOCUMENTATION_COMMENTS = YES;
				CLANG_WARN_EMPTY_BODY = YES;
				CLANG_WARN_ENUM_CONVERSION = YES;
				CLANG_WARN_INFINITE_RECURSION = YES;
				CLANG_WARN_INT_CONVERSION = YES;
				CLANG_WARN_NON_LITERAL_NULL_CONVERSION = YES;
				CLANG_WARN_OBJC_IMPLICIT_RETAIN_SELF = YES;
				CLANG_WARN_OBJC_LITERAL_CONVERSION = YES;
				CLANG_WARN_OBJC_ROOT_CLASS = YES_ERROR;
				CLANG_WARN_QUOTED_INCLUDE_IN_FRAMEWORK_HEADER = YES;
				CLANG_WARN_RANGE_LOOP_ANALYSIS = YES;
				CLANG_WARN_STRICT_PROTOTYPES = YES;
				CLANG_WARN_SUSPICIOUS_MOVE = YES;
				CLANG_WARN_UNGUARDED_AVAILABILITY = YES_AGGRESSIVE;
				CLANG_WARN_UNREACHABLE_CODE = YES;
				CLANG_WARN__DUPLICATE_METHOD_MATCH = YES;
				COPY_PHASE_STRIP = NO;
				DEBUG_INFORMATION_FORMAT = dwarf;
				ENABLE_STRICT_OBJC_MSGSEND = YES;
				ENABLE_TESTABILITY = YES;
				ENABLE_USER_SCRIPT_SANDBOXING = YES;
				GCC_C_LANGUAGE_STANDARD = gnu17;
				GCC_DYNAMIC_NO_PIC = NO;
				GCC_NO_COMMON_BLOCKS = YES;
				GCC_OPTIMIZATION_LEVEL = 0;
				GCC_PREPROCESSOR_DEFINITIONS = (
					"DEBUG=1",
					"$(inherited)",
				);
				GCC_WARN_64_TO_32_BIT_CONVERSION = YES;
				GCC_WARN_ABOUT_RETURN_TYPE = YES_ERROR;
				GCC_WARN_UNDECLARED_SELECTOR = YES;
				GCC_WARN_UNINITIALIZED_AUTOS = YES_AGGRESSIVE;
				GCC_WARN_UNUSED_FUNCTION = YES;
				GCC_WARN_UNUSED_VARIABLE = YES;
				IPHONEOS_DEPLOYMENT_TARGET = 18.1;
				LOCALIZATION_PREFERS_STRING_CATALOGS = YES;
				MTL_ENABLE_DEBUG_INFO = INCLUDE_SOURCE;
				MTL_FAST_MATH = YES;
				ONLY_ACTIVE_ARCH = YES;
				SDKROOT = iphoneos;
				SWIFT_ACTIVE_COMPILATION_CONDITIONS = "DEBUG $(inherited)";
				SWIFT_OPTIMIZATION_LEVEL = "-Onone";
			};
			name = Debug;
		};
		99F6F1F92D030AD7002E7842 /* Release */ = {
			isa = XCBuildConfiguration;
			buildSettings = {
				ALWAYS_SEARCH_USER_PATHS = NO;
				ASSETCATALOG_COMPILER_GENERATE_SWIFT_ASSET_SYMBOL_EXTENSIONS = YES;
				CLANG_ANALYZER_NONNULL = YES;
				CLANG_ANALYZER_NUMBER_OBJECT_CONVERSION = YES_AGGRESSIVE;
				CLANG_CXX_LANGUAGE_STANDARD = "gnu++20";
				CLANG_ENABLE_MODULES = YES;
				CLANG_ENABLE_OBJC_ARC = YES;
				CLANG_ENABLE_OBJC_WEAK = YES;
				CLANG_WARN_BLOCK_CAPTURE_AUTORELEASING = YES;
				CLANG_WARN_BOOL_CONVERSION = YES;
				CLANG_WARN_COMMA = YES;
				CLANG_WARN_CONSTANT_CONVERSION = YES;
				CLANG_WARN_DEPRECATED_OBJC_IMPLEMENTATIONS = YES;
				CLANG_WARN_DIRECT_OBJC_ISA_USAGE = YES_ERROR;
				CLANG_WARN_DOCUMENTATION_COMMENTS = YES;
				CLANG_WARN_EMPTY_BODY = YES;
				CLANG_WARN_ENUM_CONVERSION = YES;
				CLANG_WARN_INFINITE_RECURSION = YES;
				CLANG_WARN_INT_CONVERSION = YES;
				CLANG_WARN_NON_LITERAL_NULL_CONVERSION = YES;
				CLANG_WARN_OBJC_IMPLICIT_RETAIN_SELF = YES;
				CLANG_WARN_OBJC_LITERAL_CONVERSION = YES;
				CLANG_WARN_OBJC_ROOT_CLASS = YES_ERROR;
				CLANG_WARN_QUOTED_INCLUDE_IN_FRAMEWORK_HEADER = YES;
				CLANG_WARN_RANGE_LOOP_ANALYSIS = YES;
				CLANG_WARN_STRICT_PROTOTYPES = YES;
				CLANG_WARN_SUSPICIOUS_MOVE = YES;
				CLANG_WARN_UNGUARDED_AVAILABILITY = YES_AGGRESSIVE;
				CLANG_WARN_UNREACHABLE_CODE = YES;
				CLANG_WARN__DUPLICATE_METHOD_MATCH = YES;
				COPY_PHASE_STRIP = NO;
				DEBUG_INFORMATION_FORMAT = "dwarf-with-dsym";
				ENABLE_NS_ASSERTIONS = NO;
				ENABLE_STRICT_OBJC_MSGSEND = YES;
				ENABLE_USER_SCRIPT_SANDBOXING = YES;
				GCC_C_LANGUAGE_STANDARD = gnu17;
				GCC_NO_COMMON_BLOCKS = YES;
				GCC_WARN_64_TO_32_BIT_CONVERSION = YES;
				GCC_WARN_ABOUT_RETURN_TYPE = YES_ERROR;
				GCC_WARN_UNDECLARED_SELECTOR = YES;
				GCC_WARN_UNINITIALIZED_AUTOS = YES_AGGRESSIVE;
				GCC_WARN_UNUSED_FUNCTION = YES;
				GCC_WARN_UNUSED_VARIABLE = YES;
				IPHONEOS_DEPLOYMENT_TARGET = 18.1;
				LOCALIZATION_PREFERS_STRING_CATALOGS = YES;
				MTL_ENABLE_DEBUG_INFO = NO;
				MTL_FAST_MATH = YES;
				SDKROOT = iphoneos;
				SWIFT_COMPILATION_MODE = wholemodule;
				VALIDATE_PRODUCT = YES;
			};
			name = Release;
		};
		99F6F1FB2D030AD7002E7842 /* Debug */ = {
			isa = XCBuildConfiguration;
			buildSettings = {
				BUNDLE_LOADER = "$(TEST_HOST)";
				CODE_SIGN_STYLE = Automatic;
				CURRENT_PROJECT_VERSION = 1;
				DEVELOPMENT_TEAM = 63SB2B8YJ5;
				GENERATE_INFOPLIST_FILE = YES;
				IPHONEOS_DEPLOYMENT_TARGET = 18.1;
				MARKETING_VERSION = 1.0;
				PRODUCT_BUNDLE_IDENTIFIER = HwangSeokBeom.PokemonPhoneBookTests;
				PRODUCT_NAME = "$(TARGET_NAME)";
				SWIFT_EMIT_LOC_STRINGS = NO;
				SWIFT_VERSION = 5.0;
				TARGETED_DEVICE_FAMILY = "1,2";
				TEST_HOST = "$(BUILT_PRODUCTS_DIR)/PokemonPhoneBook.app/$(BUNDLE_EXECUTABLE_FOLDER_PATH)/PokemonPhoneBook";
			};
			name = Debug;
		};
		99F6F1FC2D030AD7002E7842 /* Release */ = {
			isa = XCBuildConfiguration;
			buildSettings = {
				BUNDLE_LOADER = "$(TEST_HOST)";
				CODE_SIGN_STYLE = Automatic;
				CURRENT_PROJECT_VERSION = 1;
				DEVELOPMENT_TEAM = 63SB2B8YJ5;
				GENERATE_INFOPLIST_FILE = YES;
				IPHONEOS_DEPLOYMENT_TARGET = 18.1;
				MARKETING_VERSION = 1.0;
				PRODUCT_BUNDLE_IDENTIFIER = HwangSeokBeom.PokemonPhoneBookTests;
				PRODUCT_NAME = "$(TARGET_NAME)";
				SWIFT_EMIT_LOC_STRINGS = NO;
				SWIFT_VERSION = 5.0;
				TARGETED_DEVICE_FAMILY = "1,2";
				TEST_HOST = "$(BUILT_PRODUCTS_DIR)/PokemonPhoneBook.app/$(BUNDLE_EXECUTABLE_FOLDER_PATH)/PokemonPhoneBook";
			};
			name = Release;
		};
		99F6F1FE2D030AD7002E7842 /* Debug */ = {
			isa = XCBuildConfiguration;
			buildSettings = {
				CODE_SIGN_STYLE = Automatic;
				CURRENT_PROJECT_VERSION = 1;
				DEVELOPMENT_TEAM = 63SB2B8YJ5;
				GENERATE_INFOPLIST_FILE = YES;
				MARKETING_VERSION = 1.0;
				PRODUCT_BUNDLE_IDENTIFIER = HwangSeokBeom.PokemonPhoneBookUITests;
				PRODUCT_NAME = "$(TARGET_NAME)";
				SWIFT_EMIT_LOC_STRINGS = NO;
				SWIFT_VERSION = 5.0;
				TARGETED_DEVICE_FAMILY = "1,2";
				TEST_TARGET_NAME = PokemonPhoneBook;
			};
			name = Debug;
		};
		99F6F1FF2D030AD7002E7842 /* Release */ = {
			isa = XCBuildConfiguration;
			buildSettings = {
				CODE_SIGN_STYLE = Automatic;
				CURRENT_PROJECT_VERSION = 1;
				DEVELOPMENT_TEAM = 63SB2B8YJ5;
				GENERATE_INFOPLIST_FILE = YES;
				MARKETING_VERSION = 1.0;
				PRODUCT_BUNDLE_IDENTIFIER = HwangSeokBeom.PokemonPhoneBookUITests;
				PRODUCT_NAME = "$(TARGET_NAME)";
				SWIFT_EMIT_LOC_STRINGS = NO;
				SWIFT_VERSION = 5.0;
				TARGETED_DEVICE_FAMILY = "1,2";
				TEST_TARGET_NAME = PokemonPhoneBook;
			};
			name = Release;
		};
/* End XCBuildConfiguration section */

/* Begin XCConfigurationList section */
		99F6F1C42D030AD6002E7842 /* Build configuration list for PBXProject "PokemonPhoneBook" */ = {
			isa = XCConfigurationList;
			buildConfigurations = (
				99F6F1F82D030AD7002E7842 /* Debug */,
				99F6F1F92D030AD7002E7842 /* Release */,
			);
			defaultConfigurationIsVisible = 0;
			defaultConfigurationName = Release;
		};
		99F6F1F52D030AD7002E7842 /* Build configuration list for PBXNativeTarget "PokemonPhoneBook" */ = {
			isa = XCConfigurationList;
			buildConfigurations = (
				99F6F1F62D030AD7002E7842 /* Debug */,
				99F6F1F72D030AD7002E7842 /* Release */,
			);
			defaultConfigurationIsVisible = 0;
			defaultConfigurationName = Release;
		};
		99F6F1FA2D030AD7002E7842 /* Build configuration list for PBXNativeTarget "PokemonPhoneBookTests" */ = {
			isa = XCConfigurationList;
			buildConfigurations = (
				99F6F1FB2D030AD7002E7842 /* Debug */,
				99F6F1FC2D030AD7002E7842 /* Release */,
			);
			defaultConfigurationIsVisible = 0;
			defaultConfigurationName = Release;
		};
		99F6F1FD2D030AD7002E7842 /* Build configuration list for PBXNativeTarget "PokemonPhoneBookUITests" */ = {
			isa = XCConfigurationList;
			buildConfigurations = (
				99F6F1FE2D030AD7002E7842 /* Debug */,
				99F6F1FF2D030AD7002E7842 /* Release */,
			);
			defaultConfigurationIsVisible = 0;
			defaultConfigurationName = Release;
		};
/* End XCConfigurationList section */

/* Begin XCRemoteSwiftPackageReference section */
		99F6F24B2D03148C002E7842 /* XCRemoteSwiftPackageReference "SnapKit" */ = {
			isa = XCRemoteSwiftPackageReference;
			repositoryURL = "https://github.com/SnapKit/SnapKit.git";
			requirement = {
				kind = upToNextMajorVersion;
				minimumVersion = 5.7.1;
			};
		};
		99F6F24E2D03149D002E7842 /* XCRemoteSwiftPackageReference "Alamofire" */ = {
			isa = XCRemoteSwiftPackageReference;
			repositoryURL = "https://github.com/Alamofire/Alamofire.git";
			requirement = {
				kind = upToNextMajorVersion;
				minimumVersion = 5.10.2;
			};
		};
/* End XCRemoteSwiftPackageReference section */

/* Begin XCSwiftPackageProductDependency section */
		99F6F24C2D03148C002E7842 /* SnapKit */ = {
			isa = XCSwiftPackageProductDependency;
			package = 99F6F24B2D03148C002E7842 /* XCRemoteSwiftPackageReference "SnapKit" */;
			productName = SnapKit;
		};
		99F6F24F2D03149D002E7842 /* Alamofire */ = {
			isa = XCSwiftPackageProductDependency;
			package = 99F6F24E2D03149D002E7842 /* XCRemoteSwiftPackageReference "Alamofire" */;
			productName = Alamofire;
		};
/* End XCSwiftPackageProductDependency section */
	};
	rootObject = 99F6F1C12D030AD6002E7842 /* Project object */;
}
